
Microsoft Visual Studio Solution File, Format Version 12.00
# Visual Studio Version 17
VisualStudioVersion = 17.11.35312.102
MinimumVisualStudioVersion = 10.0.40219.1
Project("{FAE04EC0-301F-11D3-BF4B-00C04F79EFBC}") = "LearnApiDemo", "LearnApiDemo\LearnApiDemo.csproj", "{86F55673-37BE-4B08-A26E-15FB6FB43A5E}"
EndProject
Global
	GlobalSection(SolutionConfigurationPlatforms) = preSolution
		Debug|Any CPU = Debug|Any CPU
		Release|Any CPU = Release|Any CPU
	EndGlobalSection
	GlobalSection(ProjectConfigurationPlatforms) = postSolution
		{86F55673-37BE-4B08-A26E-15FB6FB43A5E}.Debug|Any CPU.ActiveCfg = Debug|Any CPU
		{86F55673-37BE-4B08-A26E-15FB6FB43A5E}.Debug|Any CPU.Build.0 = Debug|Any CPU
		{86F55673-37BE-4B08-A26E-15FB6FB43A5E}.Release|Any CPU.ActiveCfg = Release|Any CPU
		{86F55673-37BE-4B08-A26E-15FB6FB43A5E}.Release|Any CPU.Build.0 = Release|Any CPU
	EndGlobalSection
	GlobalSection(SolutionProperties) = preSolution
		HideSolutionNode = FALSE
	EndGlobalSection
	GlobalSection(ExtensibilityGlobals) = postSolution
		SolutionGuid = {DB62281D-532E-4603-971B-D91DC36CDC74}
	EndGlobalSection
EndGlobal
